
Microsoft Visual Studio Solution File, Format Version 12.00
# Visual Studio Version 17
VisualStudioVersion = 17.8.34330.188
MinimumVisualStudioVersion = 10.0.40219.1
Project("{FAE04EC0-301F-11D3-BF4B-00C04F79EFBC}") = "Trabalho_jogo_velha", "Trabalho_jogo_velha\Trabalho_jogo_velha.csproj", "{B2D451EF-9116-4EBE-8912-9BF3BACA0E7F}"
EndProject
Global
	GlobalSection(SolutionConfigurationPlatforms) = preSolution
		Debug|Any CPU = Debug|Any CPU
		Release|Any CPU = Release|Any CPU
	EndGlobalSection
	GlobalSection(ProjectConfigurationPlatforms) = postSolution
		{B2D451EF-9116-4EBE-8912-9BF3BACA0E7F}.Debug|Any CPU.ActiveCfg = Debug|Any CPU
		{B2D451EF-9116-4EBE-8912-9BF3BACA0E7F}.Debug|Any CPU.Build.0 = Debug|Any CPU
		{B2D451EF-9116-4EBE-8912-9BF3BACA0E7F}.Release|Any CPU.ActiveCfg = Release|Any CPU
		{B2D451EF-9116-4EBE-8912-9BF3BACA0E7F}.Release|Any CPU.Build.0 = Release|Any CPU
	EndGlobalSection
	GlobalSection(SolutionProperties) = preSolution
		HideSolutionNode = FALSE
	EndGlobalSection
	GlobalSection(ExtensibilityGlobals) = postSolution
		SolutionGuid = {2FBD1775-FF90-42D9-885F-04E5E8F69096}
	EndGlobalSection
EndGlobal
